// !$*UTF8*$!
{
	archiveVersion = 1;
	classes = {
	};
	objectVersion = 46;
	objects = {

/* Begin PBXBuildFile section */
		480B05A91F59A96400C4C571 /* AppDelegate.swift in Sources */ = {isa = PBXBuildFile; fileRef = 480B05A81F59A96400C4C571 /* AppDelegate.swift */; };
		480B05AB1F59A96400C4C571 /* ViewController.swift in Sources */ = {isa = PBXBuildFile; fileRef = 480B05AA1F59A96400C4C571 /* ViewController.swift */; };
		480B05AE1F59A96400C4C571 /* Main.storyboard in Resources */ = {isa = PBXBuildFile; fileRef = 480B05AC1F59A96400C4C571 /* Main.storyboard */; };
		480B05B01F59A96400C4C571 /* Assets.xcassets in Resources */ = {isa = PBXBuildFile; fileRef = 480B05AF1F59A96400C4C571 /* Assets.xcassets */; };
		480B05B31F59A96400C4C571 /* LaunchScreen.storyboard in Resources */ = {isa = PBXBuildFile; fileRef = 480B05B11F59A96400C4C571 /* LaunchScreen.storyboard */; };
/* End PBXBuildFile section */

/* Begin PBXFileReference section */
		480B05A51F59A96400C4C571 /* TestProjectGit.app */ = {isa = PBXFileReference; explicitFileType = wrapper.application; includeInIndex = 0; path = TestProjectGit.app; sourceTree = BUILT_PRODUCTS_DIR; };
		480B05A81F59A96400C4C571 /* AppDelegate.swift */ = {isa = PBXFileReference; lastKnownFileType = sourcecode.swift; path = AppDelegate.swift; sourceTree = "<group>"; };
		480B05AA1F59A96400C4C571 /* ViewController.swift */ = {isa = PBXFileReference; lastKnownFileType = sourcecode.swift; path = ViewController.swift; sourceTree = "<group>"; };
		480B05AD1F59A96400C4C571 /* Base */ = {isa = PBXFileReference; lastKnownFileType = file.storyboard; name = Base; path = Base.lproj/Main.storyboard; sourceTree = "<group>"; };
		480B05AF1F59A96400C4C571 /* Assets.xcassets */ = {isa = PBXFileReference; lastKnownFileType = folder.assetcatalog; path = Assets.xcassets; sourceTree = "<group>"; };
		480B05B21F59A96400C4C571 /* Base */ = {isa = PBXFileReference; lastKnownFileType = file.storyboard; name = Base; path = Base.lproj/LaunchScreen.storyboard; sourceTree = "<group>"; };
		480B05B41F59A96400C4C571 /* Info.plist */ = {isa = PBXFileReference; lastKnownFileType = text.plist.xml; path = Info.plist; sourceTree = "<group>"; };
/* End PBXFileReference section */

/* Begin PBXFrameworksBuildPhase section */
		480B05A21F59A96300C4C571 /* Frameworks */ = {
			isa = PBXFrameworksBuildPhase;
			buildActionMask = 2147483647;
			files = (
			);
			runOnlyForDeploymentPostprocessing = 0;
		};
/* End PBXFrameworksBuildPhase section */

/* Begin PBXGroup section */
		480B059C1F59A96300C4C571 = {
			isa = PBXGroup;
			children = (
				480B05A71F59A96400C4C571 /* TestProjectGit */,
				480B05A61F59A96400C4C571 /* Products */,
			);
			sourceTree = "<group>";
		};
		480B05A61F59A96400C4C571 /* Products */ = {
			isa = PBXGroup;
			children = (
				480B05A51F59A96400C4C571 /* TestProjectGit.app */,
			);
			name = Products;
			sourceTree = "<group>";
		};
		480B05A71F59A96400C4C571 /* TestProjectGit */ = {
			isa = PBXGroup;
			children = (
				480B05A81F59A96400C4C571 /* AppDelegate.swift */,
				480B05AA1F59A96400C4C571 /* ViewController.swift */,
				480B05AC1F59A96400C4C571 /* Main.storyboard */,
				480B05AF1F59A96400C4C571 /* Assets.xcassets */,
				480B05B11F59A96400C4C571 /* LaunchScreen.storyboard */,
				480B05B41F59A96400C4C571 /* Info.plist */,
			);
			path = TestProjectGit;
			sourceTree = "<group>";
		};
/* End PBXGroup section */

/* Begin PBXNativeTarget section */
		480B05A41F59A96300C4C571 /* TestProjectGit */ = {
			isa = PBXNativeTarget;
			buildConfigurationList = 480B05B71F59A96400C4C571 /* Build configuration list for PBXNativeTarget "TestProjectGit" */;
			buildPhases = (
				480B05A11F59A96300C4C571 /* Sources */,
				480B05A21F59A96300C4C571 /* Frameworks */,
				480B05A31F59A96300C4C571 /* Resources */,
			);
			buildRules = (
			);
			dependencies = (
			);
			name = TestProjectGit;
			productName = TestProjectGit;
			productReference = 480B05A51F59A96400C4C571 /* TestProjectGit.app */;
			productType = "com.apple.product-type.application";
		};
/* End PBXNativeTarget section */

/* Begin PBXProject section */
		480B059D1F59A96300C4C571 /* Project object */ = {
			isa = PBXProject;
			attributes = {
				LastSwiftUpdateCheck = 0830;
				LastUpgradeCheck = 0830;
				ORGANIZATIONNAME = "MIGUEL MOLDES";
				TargetAttributes = {
					480B05A41F59A96300C4C571 = {
						CreatedOnToolsVersion = 8.3.3;
						ProvisioningStyle = Automatic;
					};
				};
			};
			buildConfigurationList = 480B05A01F59A96300C4C571 /* Build configuration list for PBXProject "TestProjectGit" */;
			compatibilityVersion = "Xcode 3.2";
			developmentRegion = English;
			hasScannedForEncodings = 0;
			knownRegions = (
				en,
				Base,
			);
			mainGroup = 480B059C1F59A96300C4C571;
			productRefGroup = 480B05A61F59A96400C4C571 /* Products */;
			projectDirPath = "";
			projectRoot = "";
			targets = (
				480B05A41F59A96300C4C571 /* TestProjectGit */,
			);
		};
/* End PBXProject section */

/* Begin PBXResourcesBuildPhase section */
		480B05A31F59A96300C4C571 /* Resources */ = {
			isa = PBXResourcesBuildPhase;
			buildActionMask = 2147483647;
			files = (
				480B05B31F59A96400C4C571 /* LaunchScreen.storyboard in Resources */,
				480B05B01F59A96400C4C571 /* Assets.xcassets in Resources */,
				480B05AE1F59A96400C4C571 /* Main.storyboard in Resources */,
			);
			runOnlyForDeploymentPostprocessing = 0;
		};
/* End PBXResourcesBuildPhase section */

/* Begin PBXSourcesBuildPhase section */
		480B05A11F59A96300C4C571 /* Sources */ = {
			isa = PBXSourcesBuildPhase;
			buildActionMask = 2147483647;
			files = (
				480B05AB1F59A96400C4C571 /* ViewController.swift in Sources */,
				480B05A91F59A96400C4C571 /* AppDelegate.swift in Sources */,
			);
			runOnlyForDeploymentPostprocessing = 0;
		};
/* End PBXSourcesBuildPhase section */

/* Begin PBXVariantGroup section */
		480B05AC1F59A96400C4C571 /* Main.storyboard */ = {
			isa = PBXVariantGroup;
			children = (
				480B05AD1F59A96400C4C571 /* Base */,
			);
			name = Main.storyboard;
			sourceTree = "<group>";
		};
		480B05B11F59A96400C4C571 /* LaunchScreen.storyboard */ = {
			isa = PBXVariantGroup;
			children = (
				480B05B21F59A96400C4C571 /* Base */,
			);
			name = LaunchScreen.storyboard;
			sourceTree = "<group>";
		};
/* End PBXVariantGroup section */

/* Begin XCBuildConfiguration section */
		480B05B51F59A96400C4C571 /* Debug */ = {
			isa = XCBuildConfiguration;
			buildSettings = {
				ALWAYS_SEARCH_USER_PATHS = NO;
				CLANG_ANALYZER_NONNULL = YES;
				CLANG_ANALYZER_NUMBER_OBJECT_CONVERSION = YES_AGGRESSIVE;
				CLANG_CXX_LANGUAGE_STANDARD = "gnu++0x";
				CLANG_CXX_LIBRARY = "libc++";
				CLANG_ENABLE_MODULES = YES;
				CLANG_ENABLE_OBJC_ARC = YES;
				CLANG_WARN_BOOL_CONVERSION = YES;
				CLANG_WARN_CONSTANT_CONVERSION = YES;
				CLANG_WARN_DIRECT_OBJC_ISA_USAGE = YES_ERROR;
				CLANG_WARN_DOCUMENTATION_COMMENTS = YES;
				CLANG_WARN_EMPTY_BODY = YES;
				CLANG_WARN_ENUM_CONVERSION = YES;
				CLANG_WARN_INFINITE_RECURSION = YES;
				CLANG_WARN_INT_CONVERSION = YES;
				CLANG_WARN_OBJC_ROOT_CLASS = YES_ERROR;
				CLANG_WARN_SUSPICIOUS_MOVE = YES;
				CLANG_WARN_UNREACHABLE_CODE = YES;
				CLANG_WARN__DUPLICATE_METHOD_MATCH = YES;
				"CODE_SIGN_IDENTITY[sdk=iphoneos*]" = "iPhone Developer";
				COPY_PHASE_STRIP = NO;
				DEBUG_INFORMATION_FORMAT = dwarf;
				ENABLE_STRICT_OBJC_MSGSEND = YES;
				ENABLE_TESTABILITY = YES;
				GCC_C_LANGUAGE_STANDARD = gnu99;
				GCC_DYNAMIC_NO_PIC = NO;
				GCC_NO_COMMON_BLOCKS = YES;
				GCC_OPTIMIZATION_LEVEL = 0;
				GCC_PREPROCESSOR_DEFINITIONS = (
					"DEBUG=1",
					"$(inherited)",
				);
				GCC_WARN_64_TO_32_BIT_CONVERSION = YES;
				GCC_WARN_ABOUT_RETURN_TYPE = YES_ERROR;
				GCC_WARN_UNDECLARED_SELECTOR = YES;
				GCC_WARN_UNINITIALIZED_AUTOS = YES_AGGRESSIVE;
				GCC_WARN_UNUSED_FUNCTION = YES;
				GCC_WARN_UNUSED_VARIABLE = YES;
				IPHONEOS_DEPLOYMENT_TARGET = 10.3;
				MTL_ENABLE_DEBUG_INFO = YES;
				ONLY_ACTIVE_ARCH = YES;
				SDKROOT = iphoneos;
				SWIFT_ACTIVE_COMPILATION_CONDITIONS = DEBUG;
				SWIFT_OPTIMIZATION_LEVEL = "-Onone";
				TARGETED_DEVICE_FAMILY = "1,2";
			};
			name = Debug;
		};
		480B05B61F59A96400C4C571 /* Release */ = {
			isa = XCBuildConfiguration;
			buildSettings = {
				ALWAYS_SEARCH_USER_PATHS = NO;
				CLANG_ANALYZER_NONNULL = YES;
				CLANG_ANALYZER_NUMBER_OBJECT_CONVERSION = YES_AGGRESSIVE;
				CLANG_CXX_LANGUAGE_STANDARD = "gnu++0x";
				CLANG_CXX_LIBRARY = "libc++";
				CLANG_ENABLE_MODULES = YES;
				CLANG_ENABLE_OBJC_ARC = YES;
				CLANG_WARN_BOOL_CONVERSION = YES;
				CLANG_WARN_CONSTANT_CONVERSION = YES;
				CLANG_WARN_DIRECT_OBJC_ISA_USAGE = YES_ERROR;
				CLANG_WARN_DOCUMENTATION_COMMENTS = YES;
				CLANG_WARN_EMPTY_BODY = YES;
				CLANG_WARN_ENUM_CONVERSION = YES;
				CLANG_WARN_INFINITE_RECURSION = YES;
				CLANG_WARN_INT_CONVERSION = YES;
				CLANG_WARN_OBJC_ROOT_CLASS = YES_ERROR;
				CLANG_WARN_SUSPICIOUS_MOVE = YES;
				CLANG_WARN_UNREACHABLE_CODE = YES;
				CLANG_WARN__DUPLICATE_METHOD_MATCH = YES;
				"CODE_SIGN_IDENTITY[sdk=iphoneos*]" = "iPhone Developer";
				COPY_PHASE_STRIP = NO;
				DEBUG_INFORMATION_FORMAT = "dwarf-with-dsym";
				ENABLE_NS_ASSERTIONS = NO;
				ENABLE_STRICT_OBJC_MSGSEND = YES;
				GCC_C_LANGUAGE_STANDARD = gnu99;
				GCC_NO_COMMON_BLOCKS = YES;
				GCC_WARN_64_TO_32_BIT_CONVERSION = YES;
				GCC_WARN_ABOUT_RETURN_TYPE = YES_ERROR;
				GCC_WARN_UNDECLARED_SELECTOR = YES;
				GCC_WARN_UNINITIALIZED_AUTOS = YES_AGGRESSIVE;
				GCC_WARN_UNUSED_FUNCTION = YES;
				GCC_WARN_UNUSED_VARIABLE = YES;
				IPHONEOS_DEPLOYMENT_TARGET = 10.3;
				MTL_ENABLE_DEBUG_INFO = NO;
				SDKROOT = iphoneos;
				SWIFT_OPTIMIZATION_LEVEL = "-Owholemodule";
				TARGETED_DEVICE_FAMILY = "1,2";
				VALIDATE_PRODUCT = YES;
			};
			name = Release;
		};
		480B05B81F59A96400C4C571 /* Debug */ = {
			isa = XCBuildConfiguration;
			buildSettings = {
				ASSETCATALOG_COMPILER_APPICON_NAME = AppIcon;
				INFOPLIST_FILE = TestProjectGit/Info.plist;
				LD_RUNPATH_SEARCH_PATHS = "$(inherited) @executable_path/Frameworks";
				PRODUCT_BUNDLE_IDENTIFIER = com.miguelmoldes.TestProjectGit;
				PRODUCT_NAME = "$(TARGET_NAME)";
				SWIFT_VERSION = 3.0;
			};
			name = Debug;
		};
		480B05B91F59A96400C4C571 /* Release */ = {
			isa = XCBuildConfiguration;
			buildSettings = {
				ASSETCATALOG_COMPILER_APPICON_NAME = AppIcon;
				INFOPLIST_FILE = TestProjectGit/Info.plist;
				LD_RUNPATH_SEARCH_PATHS = "$(inherited) @executable_path/Frameworks";
				PRODUCT_BUNDLE_IDENTIFIER = com.miguelmoldes.TestProjectGit;
				PRODUCT_NAME = "$(TARGET_NAME)";
				SWIFT_VERSION = 3.0;
			};
			name = Release;
		};
/* End XCBuildConfiguration section */

/* Begin XCConfigurationList section */
		480B05A01F59A96300C4C571 /* Build configuration list for PBXProject "TestProjectGit" */ = {
			isa = XCConfigurationList;
			buildConfigurations = (
				480B05B51F59A96400C4C571 /* Debug */,
				480B05B61F59A96400C4C571 /* Release */,
			);
			defaultConfigurationIsVisible = 0;
			defaultConfigurationName = Release;
		};
		480B05B71F59A96400C4C571 /* Build configuration list for PBXNativeTarget "TestProjectGit" */ = {
			isa = XCConfigurationList;
			buildConfigurations = (
				480B05B81F59A96400C4C571 /* Debug */,
				480B05B91F59A96400C4C571 /* Release */,
			);
			defaultConfigurationIsVisible = 0;
		};
/* End XCConfigurationList section */
	};
	rootObject = 480B059D1F59A96300C4C571 /* Project object */;
}
